
Microsoft Visual Studio Solution File, Format Version 12.00
# Visual Studio 15
VisualStudioVersion = 15.0.27130.2010
MinimumVisualStudioVersion = 10.0.40219.1
Project("{9A19103F-16F7-4668-BE54-9A1E7A4F7556}") = "Sans.CreditUnion.Database", "Sans.CreditUnion.Database.csproj", "{EAE02590-6B98-4663-B7F2-825A1DFFC495}"
EndProject
Global
	GlobalSection(SolutionConfigurationPlatforms) = preSolution
		Debug|Any CPU = Debug|Any CPU
		Release|Any CPU = Release|Any CPU
	EndGlobalSection
	GlobalSection(ProjectConfigurationPlatforms) = postSolution
		{EAE02590-6B98-4663-B7F2-825A1DFFC495}.Debug|Any CPU.ActiveCfg = Debug|Any CPU
		{EAE02590-6B98-4663-B7F2-825A1DFFC495}.Debug|Any CPU.Build.0 = Debug|Any CPU
		{EAE02590-6B98-4663-B7F2-825A1DFFC495}.Release|Any CPU.ActiveCfg = Release|Any CPU
		{EAE02590-6B98-4663-B7F2-825A1DFFC495}.Release|Any CPU.Build.0 = Release|Any CPU
	EndGlobalSection
	GlobalSection(SolutionProperties) = preSolution
		HideSolutionNode = FALSE
	EndGlobalSection
	GlobalSection(ExtensibilityGlobals) = postSolution
		SolutionGuid = {A965DF7F-7509-4B85-9BAB-186BF821CE2B}
	EndGlobalSection
EndGlobal
